
Microsoft Visual Studio Solution File, Format Version 12.00
# Visual Studio 14
VisualStudioVersion = 14.0.25420.1
MinimumVisualStudioVersion = 10.0.40219.1
Project("{2150E333-8FDC-42A3-9474-1A3956D46DE8}") = "src", "src", "{9C01AAF3-AFAF-43DA-BA78-CA2E5EA12222}"
EndProject
Project("{2150E333-8FDC-42A3-9474-1A3956D46DE8}") = "Solution Items", "Solution Items", "{40B7034E-9BF3-4AAC-840F-96025268A47B}"
	ProjectSection(SolutionItems) = preProject
		global.json = global.json
	EndProjectSection
EndProject
Project("{8BB2217D-0F2D-49D1-97BC-3654ED321F3B}") = "WebApplication2", "src\WebApplication2\WebApplication2.xproj", "{602A47DD-D1AB-430B-9168-3E267F4C6288}"
EndProject
Global
	GlobalSection(SolutionConfigurationPlatforms) = preSolution
		Debug|Any CPU = Debug|Any CPU
		Release|Any CPU = Release|Any CPU
	EndGlobalSection
	GlobalSection(ProjectConfigurationPlatforms) = postSolution
		{602A47DD-D1AB-430B-9168-3E267F4C6288}.Debug|Any CPU.ActiveCfg = Debug|Any CPU
		{602A47DD-D1AB-430B-9168-3E267F4C6288}.Debug|Any CPU.Build.0 = Debug|Any CPU
		{602A47DD-D1AB-430B-9168-3E267F4C6288}.Release|Any CPU.ActiveCfg = Release|Any CPU
		{602A47DD-D1AB-430B-9168-3E267F4C6288}.Release|Any CPU.Build.0 = Release|Any CPU
	EndGlobalSection
	GlobalSection(SolutionProperties) = preSolution
		HideSolutionNode = FALSE
	EndGlobalSection
	GlobalSection(NestedProjects) = preSolution
		{602A47DD-D1AB-430B-9168-3E267F4C6288} = {9C01AAF3-AFAF-43DA-BA78-CA2E5EA12222}
	EndGlobalSection
EndGlobal
